
Microsoft Visual Studio Solution File, Format Version 12.00
# Visual Studio Version 16
VisualStudioVersion = 16.0.29123.89
MinimumVisualStudioVersion = 10.0.40219.1
Project("{FAE04EC0-301F-11D3-BF4B-00C04F79EFBC}") = "IS_PROJECT_20", "IS_PROJECT_20.csproj", "{3EDF855B-8DC7-4DC6-AA8A-C2A4193C341C}"
EndProject
Global
	GlobalSection(SolutionConfigurationPlatforms) = preSolution
		Debug|Any CPU = Debug|Any CPU
		Release|Any CPU = Release|Any CPU
	EndGlobalSection
	GlobalSection(ProjectConfigurationPlatforms) = postSolution
		{3EDF855B-8DC7-4DC6-AA8A-C2A4193C341C}.Debug|Any CPU.ActiveCfg = Debug|Any CPU
		{3EDF855B-8DC7-4DC6-AA8A-C2A4193C341C}.Debug|Any CPU.Build.0 = Debug|Any CPU
		{3EDF855B-8DC7-4DC6-AA8A-C2A4193C341C}.Release|Any CPU.ActiveCfg = Release|Any CPU
		{3EDF855B-8DC7-4DC6-AA8A-C2A4193C341C}.Release|Any CPU.Build.0 = Release|Any CPU
	EndGlobalSection
	GlobalSection(SolutionProperties) = preSolution
		HideSolutionNode = FALSE
	EndGlobalSection
	GlobalSection(ExtensibilityGlobals) = postSolution
		SolutionGuid = {49381BA4-C142-4CFD-B0F3-85246EA47921}
	EndGlobalSection
EndGlobal
